
Microsoft Visual Studio Solution File, Format Version 12.00
# Visual Studio Version 17
VisualStudioVersion = 17.2.32616.157
MinimumVisualStudioVersion = 10.0.40219.1
Project("{FAE04EC0-301F-11D3-BF4B-00C04F79EFBC}") = "FundooNote", "FundooNote\FundooNote.csproj", "{721B7BE3-92C3-4096-9196-0AF275314EEB}"
EndProject
Project("{FAE04EC0-301F-11D3-BF4B-00C04F79EFBC}") = "RepositoryLayer", "RepositoryLayer\RepositoryLayer.csproj", "{41CB8F47-DBF6-4ADE-B2FC-231C8F046BF4}"
EndProject
Project("{FAE04EC0-301F-11D3-BF4B-00C04F79EFBC}") = "BusinessLayer", "BusinessLayer\BusinessLayer.csproj", "{90763CD1-15AD-4FC1-A768-53325813B9AD}"
EndProject
Project("{FAE04EC0-301F-11D3-BF4B-00C04F79EFBC}") = "DatabaseLayer", "DatabaseLayer\DatabaseLayer.csproj", "{A7A9F6F0-9FBE-4702-934E-DB68C1A979E2}"
EndProject
Global
	GlobalSection(SolutionConfigurationPlatforms) = preSolution
		Debug|Any CPU = Debug|Any CPU
		Release|Any CPU = Release|Any CPU
	EndGlobalSection
	GlobalSection(ProjectConfigurationPlatforms) = postSolution
		{721B7BE3-92C3-4096-9196-0AF275314EEB}.Debug|Any CPU.ActiveCfg = Debug|Any CPU
		{721B7BE3-92C3-4096-9196-0AF275314EEB}.Debug|Any CPU.Build.0 = Debug|Any CPU
		{721B7BE3-92C3-4096-9196-0AF275314EEB}.Release|Any CPU.ActiveCfg = Release|Any CPU
		{721B7BE3-92C3-4096-9196-0AF275314EEB}.Release|Any CPU.Build.0 = Release|Any CPU
		{41CB8F47-DBF6-4ADE-B2FC-231C8F046BF4}.Debug|Any CPU.ActiveCfg = Debug|Any CPU
		{41CB8F47-DBF6-4ADE-B2FC-231C8F046BF4}.Debug|Any CPU.Build.0 = Debug|Any CPU
		{41CB8F47-DBF6-4ADE-B2FC-231C8F046BF4}.Release|Any CPU.ActiveCfg = Release|Any CPU
		{41CB8F47-DBF6-4ADE-B2FC-231C8F046BF4}.Release|Any CPU.Build.0 = Release|Any CPU
		{90763CD1-15AD-4FC1-A768-53325813B9AD}.Debug|Any CPU.ActiveCfg = Debug|Any CPU
		{90763CD1-15AD-4FC1-A768-53325813B9AD}.Debug|Any CPU.Build.0 = Debug|Any CPU
		{90763CD1-15AD-4FC1-A768-53325813B9AD}.Release|Any CPU.ActiveCfg = Release|Any CPU
		{90763CD1-15AD-4FC1-A768-53325813B9AD}.Release|Any CPU.Build.0 = Release|Any CPU
		{A7A9F6F0-9FBE-4702-934E-DB68C1A979E2}.Debug|Any CPU.ActiveCfg = Debug|Any CPU
		{A7A9F6F0-9FBE-4702-934E-DB68C1A979E2}.Debug|Any CPU.Build.0 = Debug|Any CPU
		{A7A9F6F0-9FBE-4702-934E-DB68C1A979E2}.Release|Any CPU.ActiveCfg = Release|Any CPU
		{A7A9F6F0-9FBE-4702-934E-DB68C1A979E2}.Release|Any CPU.Build.0 = Release|Any CPU
	EndGlobalSection
	GlobalSection(SolutionProperties) = preSolution
		HideSolutionNode = FALSE
	EndGlobalSection
	GlobalSection(ExtensibilityGlobals) = postSolution
		SolutionGuid = {FB258DE8-9CD7-4D0F-A8C3-95B57BD5F679}
	EndGlobalSection
EndGlobal
